
Microsoft Visual Studio Solution File, Format Version 12.00
# Visual Studio Version 17
VisualStudioVersion = 17.5.33627.172
MinimumVisualStudioVersion = 10.0.40219.1
Project("{FAE04EC0-301F-11D3-BF4B-00C04F79EFBC}") = "Reception", "Reception\Reception.csproj", "{74AAD47B-7926-4047-8198-EAA9DF127DA1}"
EndProject
Global
	GlobalSection(SolutionConfigurationPlatforms) = preSolution
		Debug|Any CPU = Debug|Any CPU
		Release|Any CPU = Release|Any CPU
	EndGlobalSection
	GlobalSection(ProjectConfigurationPlatforms) = postSolution
		{74AAD47B-7926-4047-8198-EAA9DF127DA1}.Debug|Any CPU.ActiveCfg = Debug|Any CPU
		{74AAD47B-7926-4047-8198-EAA9DF127DA1}.Debug|Any CPU.Build.0 = Debug|Any CPU
		{74AAD47B-7926-4047-8198-EAA9DF127DA1}.Release|Any CPU.ActiveCfg = Release|Any CPU
		{74AAD47B-7926-4047-8198-EAA9DF127DA1}.Release|Any CPU.Build.0 = Release|Any CPU
	EndGlobalSection
	GlobalSection(SolutionProperties) = preSolution
		HideSolutionNode = FALSE
	EndGlobalSection
	GlobalSection(ExtensibilityGlobals) = postSolution
		SolutionGuid = {11A49114-BA4B-43BA-A428-F4D9AC13F2FB}
	EndGlobalSection
EndGlobal
